
Microsoft Visual Studio Solution File, Format Version 12.00
# Visual Studio Version 17
VisualStudioVersion = 17.3.32819.101
MinimumVisualStudioVersion = 10.0.40219.1
Project("{9A19103F-16F7-4668-BE54-9A1E7A4F7556}") = "CEIDGASPNetCore", "CEIDGASPNetCore\CEIDGASPNetCore.csproj", "{9B1F87BB-3161-45D6-9A72-C6E428BD35A1}"
EndProject
Project("{FAE04EC0-301F-11D3-BF4B-00C04F79EFBC}") = "CEIDGUnitTests", "CEIDGUnitTests\CEIDGUnitTests.csproj", "{ECA8E31F-085D-441F-B039-96CE5493D1C6}"
EndProject
Global
	GlobalSection(SolutionConfigurationPlatforms) = preSolution
		Debug|Any CPU = Debug|Any CPU
		Release|Any CPU = Release|Any CPU
	EndGlobalSection
	GlobalSection(ProjectConfigurationPlatforms) = postSolution
		{9B1F87BB-3161-45D6-9A72-C6E428BD35A1}.Debug|Any CPU.ActiveCfg = Debug|Any CPU
		{9B1F87BB-3161-45D6-9A72-C6E428BD35A1}.Debug|Any CPU.Build.0 = Debug|Any CPU
		{9B1F87BB-3161-45D6-9A72-C6E428BD35A1}.Release|Any CPU.ActiveCfg = Release|Any CPU
		{9B1F87BB-3161-45D6-9A72-C6E428BD35A1}.Release|Any CPU.Build.0 = Release|Any CPU
		{ECA8E31F-085D-441F-B039-96CE5493D1C6}.Debug|Any CPU.ActiveCfg = Debug|Any CPU
		{ECA8E31F-085D-441F-B039-96CE5493D1C6}.Debug|Any CPU.Build.0 = Debug|Any CPU
		{ECA8E31F-085D-441F-B039-96CE5493D1C6}.Release|Any CPU.ActiveCfg = Release|Any CPU
		{ECA8E31F-085D-441F-B039-96CE5493D1C6}.Release|Any CPU.Build.0 = Release|Any CPU
	EndGlobalSection
	GlobalSection(SolutionProperties) = preSolution
		HideSolutionNode = FALSE
	EndGlobalSection
	GlobalSection(ExtensibilityGlobals) = postSolution
		SolutionGuid = {1DAA58A7-2DF2-4CEE-8FEC-4DFA04B33D44}
	EndGlobalSection
EndGlobal
