
Microsoft Visual Studio Solution File, Format Version 12.00
# Visual Studio Version 17
VisualStudioVersion = 17.6.33815.320
MinimumVisualStudioVersion = 10.0.40219.1
Project("{FAE04EC0-301F-11D3-BF4B-00C04F79EFBC}") = "worldWideService", "worldWideService\worldWideService.csproj", "{596E3C99-36F4-4CEA-AA7A-BCFEE93D8D7D}"
EndProject
Project("{FAE04EC0-301F-11D3-BF4B-00C04F79EFBC}") = "worldWideModels", "worldWideModels\worldWideModels.csproj", "{3D53F34F-087E-42D3-8151-C73E81DD719A}"
EndProject
Project("{FAE04EC0-301F-11D3-BF4B-00C04F79EFBC}") = "worldWideApplication", "worldWideApplication\worldWideApplication.csproj", "{D1D6F692-82FD-44E4-B6FD-7907866EDBF4}"
EndProject
Global
	GlobalSection(SolutionConfigurationPlatforms) = preSolution
		Debug|Any CPU = Debug|Any CPU
		Release|Any CPU = Release|Any CPU
	EndGlobalSection
	GlobalSection(ProjectConfigurationPlatforms) = postSolution
		{596E3C99-36F4-4CEA-AA7A-BCFEE93D8D7D}.Debug|Any CPU.ActiveCfg = Debug|Any CPU
		{596E3C99-36F4-4CEA-AA7A-BCFEE93D8D7D}.Debug|Any CPU.Build.0 = Debug|Any CPU
		{596E3C99-36F4-4CEA-AA7A-BCFEE93D8D7D}.Release|Any CPU.ActiveCfg = Release|Any CPU
		{596E3C99-36F4-4CEA-AA7A-BCFEE93D8D7D}.Release|Any CPU.Build.0 = Release|Any CPU
		{3D53F34F-087E-42D3-8151-C73E81DD719A}.Debug|Any CPU.ActiveCfg = Debug|Any CPU
		{3D53F34F-087E-42D3-8151-C73E81DD719A}.Debug|Any CPU.Build.0 = Debug|Any CPU
		{3D53F34F-087E-42D3-8151-C73E81DD719A}.Release|Any CPU.ActiveCfg = Release|Any CPU
		{3D53F34F-087E-42D3-8151-C73E81DD719A}.Release|Any CPU.Build.0 = Release|Any CPU
		{D1D6F692-82FD-44E4-B6FD-7907866EDBF4}.Debug|Any CPU.ActiveCfg = Debug|Any CPU
		{D1D6F692-82FD-44E4-B6FD-7907866EDBF4}.Debug|Any CPU.Build.0 = Debug|Any CPU
		{D1D6F692-82FD-44E4-B6FD-7907866EDBF4}.Release|Any CPU.ActiveCfg = Release|Any CPU
		{D1D6F692-82FD-44E4-B6FD-7907866EDBF4}.Release|Any CPU.Build.0 = Release|Any CPU
	EndGlobalSection
	GlobalSection(SolutionProperties) = preSolution
		HideSolutionNode = FALSE
	EndGlobalSection
	GlobalSection(ExtensibilityGlobals) = postSolution
		SolutionGuid = {2820AA3C-B447-4A95-B8AD-E5B0E4B99FAD}
	EndGlobalSection
EndGlobal
